
Microsoft Visual Studio Solution File, Format Version 12.00
# Visual Studio Version 16
VisualStudioVersion = 16.0.32106.194
MinimumVisualStudioVersion = 10.0.40219.1
Project("{FAE04EC0-301F-11D3-BF4B-00C04F79EFBC}") = "MediaPickerEx", "MediaPickerEx.csproj", "{800C8E25-92E4-4869-B753-6F9552B309C5}"
EndProject
Global
	GlobalSection(SolutionConfigurationPlatforms) = preSolution
		Debug|Any CPU = Debug|Any CPU
		Release|Any CPU = Release|Any CPU
	EndGlobalSection
	GlobalSection(ProjectConfigurationPlatforms) = postSolution
		{800C8E25-92E4-4869-B753-6F9552B309C5}.Debug|Any CPU.ActiveCfg = Debug|Any CPU
		{800C8E25-92E4-4869-B753-6F9552B309C5}.Debug|Any CPU.Build.0 = Debug|Any CPU
		{800C8E25-92E4-4869-B753-6F9552B309C5}.Debug|Any CPU.Deploy.0 = Debug|Any CPU
		{800C8E25-92E4-4869-B753-6F9552B309C5}.Release|Any CPU.ActiveCfg = Release|Any CPU
		{800C8E25-92E4-4869-B753-6F9552B309C5}.Release|Any CPU.Build.0 = Release|Any CPU
		{800C8E25-92E4-4869-B753-6F9552B309C5}.Release|Any CPU.Deploy.0 = Release|Any CPU
	EndGlobalSection
	GlobalSection(SolutionProperties) = preSolution
		HideSolutionNode = FALSE
	EndGlobalSection
	GlobalSection(ExtensibilityGlobals) = postSolution
		SolutionGuid = {09E6002E-0B4D-46D3-BC81-CD358B2250FA}
	EndGlobalSection
EndGlobal
